
Microsoft Visual Studio Solution File, Format Version 12.00
# Visual Studio 15
Project("{FAE04EC0-301F-11D3-BF4B-00C04F79EFBC}") = "VuforiaScripts", "VuforiaScripts.csproj", "{2F603F31-7296-1B83-6CE5-D8390EF68760}"
EndProject
Project("{FAE04EC0-301F-11D3-BF4B-00C04F79EFBC}") = "Assembly-CSharp", "Assembly-CSharp.csproj", "{4C250478-07F6-7E46-F29E-48B1EBA80EA0}"
EndProject
Project("{FAE04EC0-301F-11D3-BF4B-00C04F79EFBC}") = "VuforiaEditorScripts", "VuforiaEditorScripts.csproj", "{F326E520-4026-9707-8870-BADF6EB28EE1}"
EndProject
Global
	GlobalSection(SolutionConfigurationPlatforms) = preSolution
		Debug|Any CPU = Debug|Any CPU
		Release|Any CPU = Release|Any CPU
	EndGlobalSection
	GlobalSection(ProjectConfigurationPlatforms) = postSolution
		{2F603F31-7296-1B83-6CE5-D8390EF68760}.Debug|Any CPU.ActiveCfg = Debug|Any CPU
		{2F603F31-7296-1B83-6CE5-D8390EF68760}.Debug|Any CPU.Build.0 = Debug|Any CPU
		{2F603F31-7296-1B83-6CE5-D8390EF68760}.Release|Any CPU.ActiveCfg = Release|Any CPU
		{2F603F31-7296-1B83-6CE5-D8390EF68760}.Release|Any CPU.Build.0 = Release|Any CPU
		{4C250478-07F6-7E46-F29E-48B1EBA80EA0}.Debug|Any CPU.ActiveCfg = Debug|Any CPU
		{4C250478-07F6-7E46-F29E-48B1EBA80EA0}.Debug|Any CPU.Build.0 = Debug|Any CPU
		{4C250478-07F6-7E46-F29E-48B1EBA80EA0}.Release|Any CPU.ActiveCfg = Release|Any CPU
		{4C250478-07F6-7E46-F29E-48B1EBA80EA0}.Release|Any CPU.Build.0 = Release|Any CPU
		{F326E520-4026-9707-8870-BADF6EB28EE1}.Debug|Any CPU.ActiveCfg = Debug|Any CPU
		{F326E520-4026-9707-8870-BADF6EB28EE1}.Debug|Any CPU.Build.0 = Debug|Any CPU
		{F326E520-4026-9707-8870-BADF6EB28EE1}.Release|Any CPU.ActiveCfg = Release|Any CPU
		{F326E520-4026-9707-8870-BADF6EB28EE1}.Release|Any CPU.Build.0 = Release|Any CPU
	EndGlobalSection
	GlobalSection(SolutionProperties) = preSolution
		HideSolutionNode = FALSE
	EndGlobalSection
EndGlobal
